// !$*UTF8*$!
{
	archiveVersion = 1;
	classes = {
	};
	objectVersion = 56;
	objects = {

/* Begin PBXBuildFile section */
		F49893572B7B258C00AB123D /* MyAdventureApp.swift in Sources */ = {isa = PBXBuildFile; fileRef = F49893562B7B258C00AB123D /* MyAdventureApp.swift */; };
		F49893592B7B258C00AB123D /* ContentView.swift in Sources */ = {isa = PBXBuildFile; fileRef = F49893582B7B258C00AB123D /* ContentView.swift */; };
		F498935B2B7B258C00AB123D /* Assets.xcassets in Resources */ = {isa = PBXBuildFile; fileRef = F498935A2B7B258C00AB123D /* Assets.xcassets */; };
		F498935E2B7B258C00AB123D /* Preview Assets.xcassets in Resources */ = {isa = PBXBuildFile; fileRef = F498935D2B7B258C00AB123D /* Preview Assets.xcassets */; };
		F49893682B7B258D00AB123D /* MyAdventureTests.swift in Sources */ = {isa = PBXBuildFile; fileRef = F49893672B7B258D00AB123D /* MyAdventureTests.swift */; };
		F49893722B7B258D00AB123D /* MyAdventureUITests.swift in Sources */ = {isa = PBXBuildFile; fileRef = F49893712B7B258D00AB123D /* MyAdventureUITests.swift */; };
		F49893742B7B258D00AB123D /* MyAdventureUITestsLaunchTests.swift in Sources */ = {isa = PBXBuildFile; fileRef = F49893732B7B258D00AB123D /* MyAdventureUITestsLaunchTests.swift */; };
/* End PBXBuildFile section */

/* Begin PBXContainerItemProxy section */
		F49893642B7B258D00AB123D /* PBXContainerItemProxy */ = {
			isa = PBXContainerItemProxy;
			containerPortal = F498934B2B7B258C00AB123D /* Project object */;
			proxyType = 1;
			remoteGlobalIDString = F49893522B7B258C00AB123D;
			remoteInfo = MyAdventure;
		};
		F498936E2B7B258D00AB123D /* PBXContainerItemProxy */ = {
			isa = PBXContainerItemProxy;
			containerPortal = F498934B2B7B258C00AB123D /* Project object */;
			proxyType = 1;
			remoteGlobalIDString = F49893522B7B258C00AB123D;
			remoteInfo = MyAdventure;
		};
/* End PBXContainerItemProxy section */

/* Begin PBXFileReference section */
		F49893532B7B258C00AB123D /* MyAdventure.app */ = {isa = PBXFileReference; explicitFileType = wrapper.application; includeInIndex = 0; path = MyAdventure.app; sourceTree = BUILT_PRODUCTS_DIR; };
		F49893562B7B258C00AB123D /* MyAdventureApp.swift */ = {isa = PBXFileReference; lastKnownFileType = sourcecode.swift; path = MyAdventureApp.swift; sourceTree = "<group>"; };
		F49893582B7B258C00AB123D /* ContentView.swift */ = {isa = PBXFileReference; lastKnownFileType = sourcecode.swift; path = ContentView.swift; sourceTree = "<group>"; };
		F498935A2B7B258C00AB123D /* Assets.xcassets */ = {isa = PBXFileReference; lastKnownFileType = folder.assetcatalog; path = Assets.xcassets; sourceTree = "<group>"; };
		F498935D2B7B258C00AB123D /* Preview Assets.xcassets */ = {isa = PBXFileReference; lastKnownFileType = folder.assetcatalog; path = "Preview Assets.xcassets"; sourceTree = "<group>"; };
		F49893632B7B258D00AB123D /* MyAdventureTests.xctest */ = {isa = PBXFileReference; explicitFileType = wrapper.cfbundle; includeInIndex = 0; path = MyAdventureTests.xctest; sourceTree = BUILT_PRODUCTS_DIR; };
		F49893672B7B258D00AB123D /* MyAdventureTests.swift */ = {isa = PBXFileReference; lastKnownFileType = sourcecode.swift; path = MyAdventureTests.swift; sourceTree = "<group>"; };
		F498936D2B7B258D00AB123D /* MyAdventureUITests.xctest */ = {isa = PBXFileReference; explicitFileType = wrapper.cfbundle; includeInIndex = 0; path = MyAdventureUITests.xctest; sourceTree = BUILT_PRODUCTS_DIR; };
		F49893712B7B258D00AB123D /* MyAdventureUITests.swift */ = {isa = PBXFileReference; lastKnownFileType = sourcecode.swift; path = MyAdventureUITests.swift; sourceTree = "<group>"; };
		F49893732B7B258D00AB123D /* MyAdventureUITestsLaunchTests.swift */ = {isa = PBXFileReference; lastKnownFileType = sourcecode.swift; path = MyAdventureUITestsLaunchTests.swift; sourceTree = "<group>"; };
/* End PBXFileReference section */

/* Begin PBXFrameworksBuildPhase section */
		F49893502B7B258C00AB123D /* Frameworks */ = {
			isa = PBXFrameworksBuildPhase;
			buildActionMask = 2147483647;
			files = (
			);
			runOnlyForDeploymentPostprocessing = 0;
		};
		F49893602B7B258D00AB123D /* Frameworks */ = {
			isa = PBXFrameworksBuildPhase;
			buildActionMask = 2147483647;
			files = (
			);
			runOnlyForDeploymentPostprocessing = 0;
		};
		F498936A2B7B258D00AB123D /* Frameworks */ = {
			isa = PBXFrameworksBuildPhase;
			buildActionMask = 2147483647;
			files = (
			);
			runOnlyForDeploymentPostprocessing = 0;
		};
/* End PBXFrameworksBuildPhase section */

/* Begin PBXGroup section */
		F498934A2B7B258C00AB123D = {
			isa = PBXGroup;
			children = (
				F49893552B7B258C00AB123D /* MyAdventure */,
				F49893662B7B258D00AB123D /* MyAdventureTests */,
				F49893702B7B258D00AB123D /* MyAdventureUITests */,
				F49893542B7B258C00AB123D /* Products */,
			);
			sourceTree = "<group>";
		};
		F49893542B7B258C00AB123D /* Products */ = {
			isa = PBXGroup;
			children = (
				F49893532B7B258C00AB123D /* MyAdventure.app */,
				F49893632B7B258D00AB123D /* MyAdventureTests.xctest */,
				F498936D2B7B258D00AB123D /* MyAdventureUITests.xctest */,
			);
			name = Products;
			sourceTree = "<group>";
		};
		F49893552B7B258C00AB123D /* MyAdventure */ = {
			isa = PBXGroup;
			children = (
				F49893562B7B258C00AB123D /* MyAdventureApp.swift */,
				F49893582B7B258C00AB123D /* ContentView.swift */,
				F498935A2B7B258C00AB123D /* Assets.xcassets */,
				F498935C2B7B258C00AB123D /* Preview Content */,
			);
			path = MyAdventure;
			sourceTree = "<group>";
		};
		F498935C2B7B258C00AB123D /* Preview Content */ = {
			isa = PBXGroup;
			children = (
				F498935D2B7B258C00AB123D /* Preview Assets.xcassets */,
			);
			path = "Preview Content";
			sourceTree = "<group>";
		};
		F49893662B7B258D00AB123D /* MyAdventureTests */ = {
			isa = PBXGroup;
			children = (
				F49893672B7B258D00AB123D /* MyAdventureTests.swift */,
			);
			path = MyAdventureTests;
			sourceTree = "<group>";
		};
		F49893702B7B258D00AB123D /* MyAdventureUITests */ = {
			isa = PBXGroup;
			children = (
				F49893712B7B258D00AB123D /* MyAdventureUITests.swift */,
				F49893732B7B258D00AB123D /* MyAdventureUITestsLaunchTests.swift */,
			);
			path = MyAdventureUITests;
			sourceTree = "<group>";
		};
/* End PBXGroup section */

/* Begin PBXNativeTarget section */
		F49893522B7B258C00AB123D /* MyAdventure */ = {
			isa = PBXNativeTarget;
			buildConfigurationList = F49893772B7B258D00AB123D /* Build configuration list for PBXNativeTarget "MyAdventure" */;
			buildPhases = (
				F498934F2B7B258C00AB123D /* Sources */,
				F49893502B7B258C00AB123D /* Frameworks */,
				F49893512B7B258C00AB123D /* Resources */,
			);
			buildRules = (
			);
			dependencies = (
			);
			name = MyAdventure;
			productName = MyAdventure;
			productReference = F49893532B7B258C00AB123D /* MyAdventure.app */;
			productType = "com.apple.product-type.application";
		};
		F49893622B7B258D00AB123D /* MyAdventureTests */ = {
			isa = PBXNativeTarget;
			buildConfigurationList = F498937A2B7B258D00AB123D /* Build configuration list for PBXNativeTarget "MyAdventureTests" */;
			buildPhases = (
				F498935F2B7B258D00AB123D /* Sources */,
				F49893602B7B258D00AB123D /* Frameworks */,
				F49893612B7B258D00AB123D /* Resources */,
			);
			buildRules = (
			);
			dependencies = (
				F49893652B7B258D00AB123D /* PBXTargetDependency */,
			);
			name = MyAdventureTests;
			productName = MyAdventureTests;
			productReference = F49893632B7B258D00AB123D /* MyAdventureTests.xctest */;
			productType = "com.apple.product-type.bundle.unit-test";
		};
		F498936C2B7B258D00AB123D /* MyAdventureUITests */ = {
			isa = PBXNativeTarget;
			buildConfigurationList = F498937D2B7B258D00AB123D /* Build configuration list for PBXNativeTarget "MyAdventureUITests" */;
			buildPhases = (
				F49893692B7B258D00AB123D /* Sources */,
				F498936A2B7B258D00AB123D /* Frameworks */,
				F498936B2B7B258D00AB123D /* Resources */,
			);
			buildRules = (
			);
			dependencies = (
				F498936F2B7B258D00AB123D /* PBXTargetDependency */,
			);
			name = MyAdventureUITests;
			productName = MyAdventureUITests;
			productReference = F498936D2B7B258D00AB123D /* MyAdventureUITests.xctest */;
			productType = "com.apple.product-type.bundle.ui-testing";
		};
/* End PBXNativeTarget section */

/* Begin PBXProject section */
		F498934B2B7B258C00AB123D /* Project object */ = {
			isa = PBXProject;
			attributes = {
				BuildIndependentTargetsInParallel = 1;
				LastSwiftUpdateCheck = 1420;
				LastUpgradeCheck = 1420;
				TargetAttributes = {
					F49893522B7B258C00AB123D = {
						CreatedOnToolsVersion = 14.2;
					};
					F49893622B7B258D00AB123D = {
						CreatedOnToolsVersion = 14.2;
						TestTargetID = F49893522B7B258C00AB123D;
					};
					F498936C2B7B258D00AB123D = {
						CreatedOnToolsVersion = 14.2;
						TestTargetID = F49893522B7B258C00AB123D;
					};
				};
			};
			buildConfigurationList = F498934E2B7B258C00AB123D /* Build configuration list for PBXProject "MyAdventure" */;
			compatibilityVersion = "Xcode 14.0";
			developmentRegion = en;
			hasScannedForEncodings = 0;
			knownRegions = (
				en,
				Base,
			);
			mainGroup = F498934A2B7B258C00AB123D;
			productRefGroup = F49893542B7B258C00AB123D /* Products */;
			projectDirPath = "";
			projectRoot = "";
			targets = (
				F49893522B7B258C00AB123D /* MyAdventure */,
				F49893622B7B258D00AB123D /* MyAdventureTests */,
				F498936C2B7B258D00AB123D /* MyAdventureUITests */,
			);
		};
/* End PBXProject section */

/* Begin PBXResourcesBuildPhase section */
		F49893512B7B258C00AB123D /* Resources */ = {
			isa = PBXResourcesBuildPhase;
			buildActionMask = 2147483647;
			files = (
				F498935E2B7B258C00AB123D /* Preview Assets.xcassets in Resources */,
				F498935B2B7B258C00AB123D /* Assets.xcassets in Resources */,
			);
			runOnlyForDeploymentPostprocessing = 0;
		};
		F49893612B7B258D00AB123D /* Resources */ = {
			isa = PBXResourcesBuildPhase;
			buildActionMask = 2147483647;
			files = (
			);
			runOnlyForDeploymentPostprocessing = 0;
		};
		F498936B2B7B258D00AB123D /* Resources */ = {
			isa = PBXResourcesBuildPhase;
			buildActionMask = 2147483647;
			files = (
			);
			runOnlyForDeploymentPostprocessing = 0;
		};
/* End PBXResourcesBuildPhase section */

/* Begin PBXSourcesBuildPhase section */
		F498934F2B7B258C00AB123D /* Sources */ = {
			isa = PBXSourcesBuildPhase;
			buildActionMask = 2147483647;
			files = (
				F49893592B7B258C00AB123D /* ContentView.swift in Sources */,
				F49893572B7B258C00AB123D /* MyAdventureApp.swift in Sources */,
			);
			runOnlyForDeploymentPostprocessing = 0;
		};
		F498935F2B7B258D00AB123D /* Sources */ = {
			isa = PBXSourcesBuildPhase;
			buildActionMask = 2147483647;
			files = (
				F49893682B7B258D00AB123D /* MyAdventureTests.swift in Sources */,
			);
			runOnlyForDeploymentPostprocessing = 0;
		};
		F49893692B7B258D00AB123D /* Sources */ = {
			isa = PBXSourcesBuildPhase;
			buildActionMask = 2147483647;
			files = (
				F49893722B7B258D00AB123D /* MyAdventureUITests.swift in Sources */,
				F49893742B7B258D00AB123D /* MyAdventureUITestsLaunchTests.swift in Sources */,
			);
			runOnlyForDeploymentPostprocessing = 0;
		};
/* End PBXSourcesBuildPhase section */

/* Begin PBXTargetDependency section */
		F49893652B7B258D00AB123D /* PBXTargetDependency */ = {
			isa = PBXTargetDependency;
			target = F49893522B7B258C00AB123D /* MyAdventure */;
			targetProxy = F49893642B7B258D00AB123D /* PBXContainerItemProxy */;
		};
		F498936F2B7B258D00AB123D /* PBXTargetDependency */ = {
			isa = PBXTargetDependency;
			target = F49893522B7B258C00AB123D /* MyAdventure */;
			targetProxy = F498936E2B7B258D00AB123D /* PBXContainerItemProxy */;
		};
/* End PBXTargetDependency section */

/* Begin XCBuildConfiguration section */
		F49893752B7B258D00AB123D /* Debug */ = {
			isa = XCBuildConfiguration;
			buildSettings = {
				ALWAYS_SEARCH_USER_PATHS = NO;
				CLANG_ANALYZER_NONNULL = YES;
				CLANG_ANALYZER_NUMBER_OBJECT_CONVERSION = YES_AGGRESSIVE;
				CLANG_CXX_LANGUAGE_STANDARD = "gnu++20";
				CLANG_ENABLE_MODULES = YES;
				CLANG_ENABLE_OBJC_ARC = YES;
				CLANG_ENABLE_OBJC_WEAK = YES;
				CLANG_WARN_BLOCK_CAPTURE_AUTORELEASING = YES;
				CLANG_WARN_BOOL_CONVERSION = YES;
				CLANG_WARN_COMMA = YES;
				CLANG_WARN_CONSTANT_CONVERSION = YES;
				CLANG_WARN_DEPRECATED_OBJC_IMPLEMENTATIONS = YES;
				CLANG_WARN_DIRECT_OBJC_ISA_USAGE = YES_ERROR;
				CLANG_WARN_DOCUMENTATION_COMMENTS = YES;
				CLANG_WARN_EMPTY_BODY = YES;
				CLANG_WARN_ENUM_CONVERSION = YES;
				CLANG_WARN_INFINITE_RECURSION = YES;
				CLANG_WARN_INT_CONVERSION = YES;
				CLANG_WARN_NON_LITERAL_NULL_CONVERSION = YES;
				CLANG_WARN_OBJC_IMPLICIT_RETAIN_SELF = YES;
				CLANG_WARN_OBJC_LITERAL_CONVERSION = YES;
				CLANG_WARN_OBJC_ROOT_CLASS = YES_ERROR;
				CLANG_WARN_QUOTED_INCLUDE_IN_FRAMEWORK_HEADER = YES;
				CLANG_WARN_RANGE_LOOP_ANALYSIS = YES;
				CLANG_WARN_STRICT_PROTOTYPES = YES;
				CLANG_WARN_SUSPICIOUS_MOVE = YES;
				CLANG_WARN_UNGUARDED_AVAILABILITY = YES_AGGRESSIVE;
				CLANG_WARN_UNREACHABLE_CODE = YES;
				CLANG_WARN__DUPLICATE_METHOD_MATCH = YES;
				COPY_PHASE_STRIP = NO;
				DEBUG_INFORMATION_FORMAT = dwarf;
				ENABLE_STRICT_OBJC_MSGSEND = YES;
				ENABLE_TESTABILITY = YES;
				GCC_C_LANGUAGE_STANDARD = gnu11;
				GCC_DYNAMIC_NO_PIC = NO;
				GCC_NO_COMMON_BLOCKS = YES;
				GCC_OPTIMIZATION_LEVEL = 0;
				GCC_PREPROCESSOR_DEFINITIONS = (
					"DEBUG=1",
					"$(inherited)",
				);
				GCC_WARN_64_TO_32_BIT_CONVERSION = YES;
				GCC_WARN_ABOUT_RETURN_TYPE = YES_ERROR;
				GCC_WARN_UNDECLARED_SELECTOR = YES;
				GCC_WARN_UNINITIALIZED_AUTOS = YES_AGGRESSIVE;
				GCC_WARN_UNUSED_FUNCTION = YES;
				GCC_WARN_UNUSED_VARIABLE = YES;
				IPHONEOS_DEPLOYMENT_TARGET = 16.2;
				MTL_ENABLE_DEBUG_INFO = INCLUDE_SOURCE;
				MTL_FAST_MATH = YES;
				ONLY_ACTIVE_ARCH = YES;
				SDKROOT = iphoneos;
				SWIFT_ACTIVE_COMPILATION_CONDITIONS = DEBUG;
				SWIFT_OPTIMIZATION_LEVEL = "-Onone";
			};
			name = Debug;
		};
		F49893762B7B258D00AB123D /* Release */ = {
			isa = XCBuildConfiguration;
			buildSettings = {
				ALWAYS_SEARCH_USER_PATHS = NO;
				CLANG_ANALYZER_NONNULL = YES;
				CLANG_ANALYZER_NUMBER_OBJECT_CONVERSION = YES_AGGRESSIVE;
				CLANG_CXX_LANGUAGE_STANDARD = "gnu++20";
				CLANG_ENABLE_MODULES = YES;
				CLANG_ENABLE_OBJC_ARC = YES;
				CLANG_ENABLE_OBJC_WEAK = YES;
				CLANG_WARN_BLOCK_CAPTURE_AUTORELEASING = YES;
				CLANG_WARN_BOOL_CONVERSION = YES;
				CLANG_WARN_COMMA = YES;
				CLANG_WARN_CONSTANT_CONVERSION = YES;
				CLANG_WARN_DEPRECATED_OBJC_IMPLEMENTATIONS = YES;
				CLANG_WARN_DIRECT_OBJC_ISA_USAGE = YES_ERROR;
				CLANG_WARN_DOCUMENTATION_COMMENTS = YES;
				CLANG_WARN_EMPTY_BODY = YES;
				CLANG_WARN_ENUM_CONVERSION = YES;
				CLANG_WARN_INFINITE_RECURSION = YES;
				CLANG_WARN_INT_CONVERSION = YES;
				CLANG_WARN_NON_LITERAL_NULL_CONVERSION = YES;
				CLANG_WARN_OBJC_IMPLICIT_RETAIN_SELF = YES;
				CLANG_WARN_OBJC_LITERAL_CONVERSION = YES;
				CLANG_WARN_OBJC_ROOT_CLASS = YES_ERROR;
				CLANG_WARN_QUOTED_INCLUDE_IN_FRAMEWORK_HEADER = YES;
				CLANG_WARN_RANGE_LOOP_ANALYSIS = YES;
				CLANG_WARN_STRICT_PROTOTYPES = YES;
				CLANG_WARN_SUSPICIOUS_MOVE = YES;
				CLANG_WARN_UNGUARDED_AVAILABILITY = YES_AGGRESSIVE;
				CLANG_WARN_UNREACHABLE_CODE = YES;
				CLANG_WARN__DUPLICATE_METHOD_MATCH = YES;
				COPY_PHASE_STRIP = NO;
				DEBUG_INFORMATION_FORMAT = "dwarf-with-dsym";
				ENABLE_NS_ASSERTIONS = NO;
				ENABLE_STRICT_OBJC_MSGSEND = YES;
				GCC_C_LANGUAGE_STANDARD = gnu11;
				GCC_NO_COMMON_BLOCKS = YES;
				GCC_WARN_64_TO_32_BIT_CONVERSION = YES;
				GCC_WARN_ABOUT_RETURN_TYPE = YES_ERROR;
				GCC_WARN_UNDECLARED_SELECTOR = YES;
				GCC_WARN_UNINITIALIZED_AUTOS = YES_AGGRESSIVE;
				GCC_WARN_UNUSED_FUNCTION = YES;
				GCC_WARN_UNUSED_VARIABLE = YES;
				IPHONEOS_DEPLOYMENT_TARGET = 16.2;
				MTL_ENABLE_DEBUG_INFO = NO;
				MTL_FAST_MATH = YES;
				SDKROOT = iphoneos;
				SWIFT_COMPILATION_MODE = wholemodule;
				SWIFT_OPTIMIZATION_LEVEL = "-O";
				VALIDATE_PRODUCT = YES;
			};
			name = Release;
		};
		F49893782B7B258D00AB123D /* Debug */ = {
			isa = XCBuildConfiguration;
			buildSettings = {
				ASSETCATALOG_COMPILER_APPICON_NAME = AppIcon;
				ASSETCATALOG_COMPILER_GLOBAL_ACCENT_COLOR_NAME = AccentColor;
				CODE_SIGN_STYLE = Automatic;
				CURRENT_PROJECT_VERSION = 1;
				DEVELOPMENT_ASSET_PATHS = "\"MyAdventure/Preview Content\"";
				ENABLE_PREVIEWS = YES;
				GENERATE_INFOPLIST_FILE = YES;
				INFOPLIST_KEY_UIApplicationSceneManifest_Generation = YES;
				INFOPLIST_KEY_UIApplicationSupportsIndirectInputEvents = YES;
				INFOPLIST_KEY_UILaunchScreen_Generation = YES;
				INFOPLIST_KEY_UISupportedInterfaceOrientations_iPad = "UIInterfaceOrientationPortrait UIInterfaceOrientationPortraitUpsideDown UIInterfaceOrientationLandscapeLeft UIInterfaceOrientationLandscapeRight";
				INFOPLIST_KEY_UISupportedInterfaceOrientations_iPhone = "UIInterfaceOrientationPortrait UIInterfaceOrientationLandscapeLeft UIInterfaceOrientationLandscapeRight";
				LD_RUNPATH_SEARCH_PATHS = (
					"$(inherited)",
					"@executable_path/Frameworks",
				);
				MARKETING_VERSION = 1.0;
				PRODUCT_BUNDLE_IDENTIFIER = CPSC.MyAdventure;
				PRODUCT_NAME = "$(TARGET_NAME)";
				SWIFT_EMIT_LOC_STRINGS = YES;
				SWIFT_VERSION = 5.0;
				TARGETED_DEVICE_FAMILY = "1,2";
			};
			name = Debug;
		};
		F49893792B7B258D00AB123D /* Release */ = {
			isa = XCBuildConfiguration;
			buildSettings = {
				ASSETCATALOG_COMPILER_APPICON_NAME = AppIcon;
				ASSETCATALOG_COMPILER_GLOBAL_ACCENT_COLOR_NAME = AccentColor;
				CODE_SIGN_STYLE = Automatic;
				CURRENT_PROJECT_VERSION = 1;
				DEVELOPMENT_ASSET_PATHS = "\"MyAdventure/Preview Content\"";
				ENABLE_PREVIEWS = YES;
				GENERATE_INFOPLIST_FILE = YES;
				INFOPLIST_KEY_UIApplicationSceneManifest_Generation = YES;
				INFOPLIST_KEY_UIApplicationSupportsIndirectInputEvents = YES;
				INFOPLIST_KEY_UILaunchScreen_Generation = YES;
				INFOPLIST_KEY_UISupportedInterfaceOrientations_iPad = "UIInterfaceOrientationPortrait UIInterfaceOrientationPortraitUpsideDown UIInterfaceOrientationLandscapeLeft UIInterfaceOrientationLandscapeRight";
				INFOPLIST_KEY_UISupportedInterfaceOrientations_iPhone = "UIInterfaceOrientationPortrait UIInterfaceOrientationLandscapeLeft UIInterfaceOrientationLandscapeRight";
				LD_RUNPATH_SEARCH_PATHS = (
					"$(inherited)",
					"@executable_path/Frameworks",
				);
				MARKETING_VERSION = 1.0;
				PRODUCT_BUNDLE_IDENTIFIER = CPSC.MyAdventure;
				PRODUCT_NAME = "$(TARGET_NAME)";
				SWIFT_EMIT_LOC_STRINGS = YES;
				SWIFT_VERSION = 5.0;
				TARGETED_DEVICE_FAMILY = "1,2";
			};
			name = Release;
		};
		F498937B2B7B258D00AB123D /* Debug */ = {
			isa = XCBuildConfiguration;
			buildSettings = {
				ALWAYS_EMBED_SWIFT_STANDARD_LIBRARIES = YES;
				BUNDLE_LOADER = "$(TEST_HOST)";
				CODE_SIGN_STYLE = Automatic;
				CURRENT_PROJECT_VERSION = 1;
				GENERATE_INFOPLIST_FILE = YES;
				IPHONEOS_DEPLOYMENT_TARGET = 16.2;
				MARKETING_VERSION = 1.0;
				PRODUCT_BUNDLE_IDENTIFIER = CPSC.MyAdventureTests;
				PRODUCT_NAME = "$(TARGET_NAME)";
				SWIFT_EMIT_LOC_STRINGS = NO;
				SWIFT_VERSION = 5.0;
				TARGETED_DEVICE_FAMILY = "1,2";
				TEST_HOST = "$(BUILT_PRODUCTS_DIR)/MyAdventure.app/$(BUNDLE_EXECUTABLE_FOLDER_PATH)/MyAdventure";
			};
			name = Debug;
		};
		F498937C2B7B258D00AB123D /* Release */ = {
			isa = XCBuildConfiguration;
			buildSettings = {
				ALWAYS_EMBED_SWIFT_STANDARD_LIBRARIES = YES;
				BUNDLE_LOADER = "$(TEST_HOST)";
				CODE_SIGN_STYLE = Automatic;
				CURRENT_PROJECT_VERSION = 1;
				GENERATE_INFOPLIST_FILE = YES;
				IPHONEOS_DEPLOYMENT_TARGET = 16.2;
				MARKETING_VERSION = 1.0;
				PRODUCT_BUNDLE_IDENTIFIER = CPSC.MyAdventureTests;
				PRODUCT_NAME = "$(TARGET_NAME)";
				SWIFT_EMIT_LOC_STRINGS = NO;
				SWIFT_VERSION = 5.0;
				TARGETED_DEVICE_FAMILY = "1,2";
				TEST_HOST = "$(BUILT_PRODUCTS_DIR)/MyAdventure.app/$(BUNDLE_EXECUTABLE_FOLDER_PATH)/MyAdventure";
			};
			name = Release;
		};
		F498937E2B7B258D00AB123D /* Debug */ = {
			isa = XCBuildConfiguration;
			buildSettings = {
				ALWAYS_EMBED_SWIFT_STANDARD_LIBRARIES = YES;
				CODE_SIGN_STYLE = Automatic;
				CURRENT_PROJECT_VERSION = 1;
				GENERATE_INFOPLIST_FILE = YES;
				MARKETING_VERSION = 1.0;
				PRODUCT_BUNDLE_IDENTIFIER = CPSC.MyAdventureUITests;
				PRODUCT_NAME = "$(TARGET_NAME)";
				SWIFT_EMIT_LOC_STRINGS = NO;
				SWIFT_VERSION = 5.0;
				TARGETED_DEVICE_FAMILY = "1,2";
				TEST_TARGET_NAME = MyAdventure;
			};
			name = Debug;
		};
		F498937F2B7B258D00AB123D /* Release */ = {
			isa = XCBuildConfiguration;
			buildSettings = {
				ALWAYS_EMBED_SWIFT_STANDARD_LIBRARIES = YES;
				CODE_SIGN_STYLE = Automatic;
				CURRENT_PROJECT_VERSION = 1;
				GENERATE_INFOPLIST_FILE = YES;
				MARKETING_VERSION = 1.0;
				PRODUCT_BUNDLE_IDENTIFIER = CPSC.MyAdventureUITests;
				PRODUCT_NAME = "$(TARGET_NAME)";
				SWIFT_EMIT_LOC_STRINGS = NO;
				SWIFT_VERSION = 5.0;
				TARGETED_DEVICE_FAMILY = "1,2";
				TEST_TARGET_NAME = MyAdventure;
			};
			name = Release;
		};
/* End XCBuildConfiguration section */

/* Begin XCConfigurationList section */
		F498934E2B7B258C00AB123D /* Build configuration list for PBXProject "MyAdventure" */ = {
			isa = XCConfigurationList;
			buildConfigurations = (
				F49893752B7B258D00AB123D /* Debug */,
				F49893762B7B258D00AB123D /* Release */,
			);
			defaultConfigurationIsVisible = 0;
			defaultConfigurationName = Release;
		};
		F49893772B7B258D00AB123D /* Build configuration list for PBXNativeTarget "MyAdventure" */ = {
			isa = XCConfigurationList;
			buildConfigurations = (
				F49893782B7B258D00AB123D /* Debug */,
				F49893792B7B258D00AB123D /* Release */,
			);
			defaultConfigurationIsVisible = 0;
			defaultConfigurationName = Release;
		};
		F498937A2B7B258D00AB123D /* Build configuration list for PBXNativeTarget "MyAdventureTests" */ = {
			isa = XCConfigurationList;
			buildConfigurations = (
				F498937B2B7B258D00AB123D /* Debug */,
				F498937C2B7B258D00AB123D /* Release */,
			);
			defaultConfigurationIsVisible = 0;
			defaultConfigurationName = Release;
		};
		F498937D2B7B258D00AB123D /* Build configuration list for PBXNativeTarget "MyAdventureUITests" */ = {
			isa = XCConfigurationList;
			buildConfigurations = (
				F498937E2B7B258D00AB123D /* Debug */,
				F498937F2B7B258D00AB123D /* Release */,
			);
			defaultConfigurationIsVisible = 0;
			defaultConfigurationName = Release;
		};
/* End XCConfigurationList section */
	};
	rootObject = F498934B2B7B258C00AB123D /* Project object */;
}
